// !$*UTF8*$!
{
	archiveVersion = 1;
	classes = {
	};
	objectVersion = 48;
	objects = {

/* Begin PBXBuildFile section */
		FA8502D01FC56439007E05C3 /* AppDelegate.swift in Sources */ = {isa = PBXBuildFile; fileRef = FA8502CF1FC56439007E05C3 /* AppDelegate.swift */; };
		FA8502D21FC56439007E05C3 /* ViewController.swift in Sources */ = {isa = PBXBuildFile; fileRef = FA8502D11FC56439007E05C3 /* ViewController.swift */; };
		FA8502D51FC56439007E05C3 /* Main.storyboard in Resources */ = {isa = PBXBuildFile; fileRef = FA8502D31FC56439007E05C3 /* Main.storyboard */; };
		FA8502D71FC56439007E05C3 /* Assets.xcassets in Resources */ = {isa = PBXBuildFile; fileRef = FA8502D61FC56439007E05C3 /* Assets.xcassets */; };
		FA8502DA1FC56439007E05C3 /* LaunchScreen.storyboard in Resources */ = {isa = PBXBuildFile; fileRef = FA8502D81FC56439007E05C3 /* LaunchScreen.storyboard */; };
		FA8502E51FC56439007E05C3 /* ConcentrationTests.swift in Sources */ = {isa = PBXBuildFile; fileRef = FA8502E41FC56439007E05C3 /* ConcentrationTests.swift */; };
		FA8502F01FC5643A007E05C3 /* ConcentrationUITests.swift in Sources */ = {isa = PBXBuildFile; fileRef = FA8502EF1FC5643A007E05C3 /* ConcentrationUITests.swift */; };
		FAB5877A1FC69F3A00EFDCCF /* Concentration.swift in Sources */ = {isa = PBXBuildFile; fileRef = FAB587791FC69F3A00EFDCCF /* Concentration.swift */; };
		FAB5877C1FC6A02200EFDCCF /* Card.swift in Sources */ = {isa = PBXBuildFile; fileRef = FAB5877B1FC6A02200EFDCCF /* Card.swift */; };
/* End PBXBuildFile section */

/* Begin PBXContainerItemProxy section */
		FA8502E11FC56439007E05C3 /* PBXContainerItemProxy */ = {
			isa = PBXContainerItemProxy;
			containerPortal = FA8502C41FC56439007E05C3 /* Project object */;
			proxyType = 1;
			remoteGlobalIDString = FA8502CB1FC56439007E05C3;
			remoteInfo = Concentration;
		};
		FA8502EC1FC5643A007E05C3 /* PBXContainerItemProxy */ = {
			isa = PBXContainerItemProxy;
			containerPortal = FA8502C41FC56439007E05C3 /* Project object */;
			proxyType = 1;
			remoteGlobalIDString = FA8502CB1FC56439007E05C3;
			remoteInfo = Concentration;
		};
/* End PBXContainerItemProxy section */

/* Begin PBXFileReference section */
		FA8502CC1FC56439007E05C3 /* Concentration.app */ = {isa = PBXFileReference; explicitFileType = wrapper.application; includeInIndex = 0; path = Concentration.app; sourceTree = BUILT_PRODUCTS_DIR; };
		FA8502CF1FC56439007E05C3 /* AppDelegate.swift */ = {isa = PBXFileReference; lastKnownFileType = sourcecode.swift; path = AppDelegate.swift; sourceTree = "<group>"; };
		FA8502D11FC56439007E05C3 /* ViewController.swift */ = {isa = PBXFileReference; lastKnownFileType = sourcecode.swift; path = ViewController.swift; sourceTree = "<group>"; };
		FA8502D41FC56439007E05C3 /* Base */ = {isa = PBXFileReference; lastKnownFileType = file.storyboard; name = Base; path = Base.lproj/Main.storyboard; sourceTree = "<group>"; };
		FA8502D61FC56439007E05C3 /* Assets.xcassets */ = {isa = PBXFileReference; lastKnownFileType = folder.assetcatalog; path = Assets.xcassets; sourceTree = "<group>"; };
		FA8502D91FC56439007E05C3 /* Base */ = {isa = PBXFileReference; lastKnownFileType = file.storyboard; name = Base; path = Base.lproj/LaunchScreen.storyboard; sourceTree = "<group>"; };
		FA8502DB1FC56439007E05C3 /* Info.plist */ = {isa = PBXFileReference; lastKnownFileType = text.plist.xml; path = Info.plist; sourceTree = "<group>"; };
		FA8502E01FC56439007E05C3 /* ConcentrationTests.xctest */ = {isa = PBXFileReference; explicitFileType = wrapper.cfbundle; includeInIndex = 0; path = ConcentrationTests.xctest; sourceTree = BUILT_PRODUCTS_DIR; };
		FA8502E41FC56439007E05C3 /* ConcentrationTests.swift */ = {isa = PBXFileReference; lastKnownFileType = sourcecode.swift; path = ConcentrationTests.swift; sourceTree = "<group>"; };
		FA8502E61FC56439007E05C3 /* Info.plist */ = {isa = PBXFileReference; lastKnownFileType = text.plist.xml; path = Info.plist; sourceTree = "<group>"; };
		FA8502EB1FC5643A007E05C3 /* ConcentrationUITests.xctest */ = {isa = PBXFileReference; explicitFileType = wrapper.cfbundle; includeInIndex = 0; path = ConcentrationUITests.xctest; sourceTree = BUILT_PRODUCTS_DIR; };
		FA8502EF1FC5643A007E05C3 /* ConcentrationUITests.swift */ = {isa = PBXFileReference; lastKnownFileType = sourcecode.swift; path = ConcentrationUITests.swift; sourceTree = "<group>"; };
		FA8502F11FC5643A007E05C3 /* Info.plist */ = {isa = PBXFileReference; lastKnownFileType = text.plist.xml; path = Info.plist; sourceTree = "<group>"; };
		FAB587791FC69F3A00EFDCCF /* Concentration.swift */ = {isa = PBXFileReference; lastKnownFileType = sourcecode.swift; path = Concentration.swift; sourceTree = "<group>"; };
		FAB5877B1FC6A02200EFDCCF /* Card.swift */ = {isa = PBXFileReference; lastKnownFileType = sourcecode.swift; path = Card.swift; sourceTree = "<group>"; };
/* End PBXFileReference section */

/* Begin PBXFrameworksBuildPhase section */
		FA8502C91FC56439007E05C3 /* Frameworks */ = {
			isa = PBXFrameworksBuildPhase;
			buildActionMask = 2147483647;
			files = (
			);
			runOnlyForDeploymentPostprocessing = 0;
		};
		FA8502DD1FC56439007E05C3 /* Frameworks */ = {
			isa = PBXFrameworksBuildPhase;
			buildActionMask = 2147483647;
			files = (
			);
			runOnlyForDeploymentPostprocessing = 0;
		};
		FA8502E81FC5643A007E05C3 /* Frameworks */ = {
			isa = PBXFrameworksBuildPhase;
			buildActionMask = 2147483647;
			files = (
			);
			runOnlyForDeploymentPostprocessing = 0;
		};
/* End PBXFrameworksBuildPhase section */

/* Begin PBXGroup section */
		FA8502C31FC56439007E05C3 = {
			isa = PBXGroup;
			children = (
				FA8502CE1FC56439007E05C3 /* Concentration */,
				FA8502E31FC56439007E05C3 /* ConcentrationTests */,
				FA8502EE1FC5643A007E05C3 /* ConcentrationUITests */,
				FA8502CD1FC56439007E05C3 /* Products */,
			);
			sourceTree = "<group>";
		};
		FA8502CD1FC56439007E05C3 /* Products */ = {
			isa = PBXGroup;
			children = (
				FA8502CC1FC56439007E05C3 /* Concentration.app */,
				FA8502E01FC56439007E05C3 /* ConcentrationTests.xctest */,
				FA8502EB1FC5643A007E05C3 /* ConcentrationUITests.xctest */,
			);
			name = Products;
			sourceTree = "<group>";
		};
		FA8502CE1FC56439007E05C3 /* Concentration */ = {
			isa = PBXGroup;
			children = (
				FA8502CF1FC56439007E05C3 /* AppDelegate.swift */,
				FAB5877B1FC6A02200EFDCCF /* Card.swift */,
				FAB587791FC69F3A00EFDCCF /* Concentration.swift */,
				FA8502D11FC56439007E05C3 /* ViewController.swift */,
				FA8502D31FC56439007E05C3 /* Main.storyboard */,
				FA8502D61FC56439007E05C3 /* Assets.xcassets */,
				FA8502D81FC56439007E05C3 /* LaunchScreen.storyboard */,
				FA8502DB1FC56439007E05C3 /* Info.plist */,
			);
			path = Concentration;
			sourceTree = "<group>";
		};
		FA8502E31FC56439007E05C3 /* ConcentrationTests */ = {
			isa = PBXGroup;
			children = (
				FA8502E41FC56439007E05C3 /* ConcentrationTests.swift */,
				FA8502E61FC56439007E05C3 /* Info.plist */,
			);
			path = ConcentrationTests;
			sourceTree = "<group>";
		};
		FA8502EE1FC5643A007E05C3 /* ConcentrationUITests */ = {
			isa = PBXGroup;
			children = (
				FA8502EF1FC5643A007E05C3 /* ConcentrationUITests.swift */,
				FA8502F11FC5643A007E05C3 /* Info.plist */,
			);
			path = ConcentrationUITests;
			sourceTree = "<group>";
		};
/* End PBXGroup section */

/* Begin PBXNativeTarget section */
		FA8502CB1FC56439007E05C3 /* Concentration */ = {
			isa = PBXNativeTarget;
			buildConfigurationList = FA8502F41FC5643A007E05C3 /* Build configuration list for PBXNativeTarget "Concentration" */;
			buildPhases = (
				FA8502C81FC56439007E05C3 /* Sources */,
				FA8502C91FC56439007E05C3 /* Frameworks */,
				FA8502CA1FC56439007E05C3 /* Resources */,
			);
			buildRules = (
			);
			dependencies = (
			);
			name = Concentration;
			productName = Concentration;
			productReference = FA8502CC1FC56439007E05C3 /* Concentration.app */;
			productType = "com.apple.product-type.application";
		};
		FA8502DF1FC56439007E05C3 /* ConcentrationTests */ = {
			isa = PBXNativeTarget;
			buildConfigurationList = FA8502F71FC5643A007E05C3 /* Build configuration list for PBXNativeTarget "ConcentrationTests" */;
			buildPhases = (
				FA8502DC1FC56439007E05C3 /* Sources */,
				FA8502DD1FC56439007E05C3 /* Frameworks */,
				FA8502DE1FC56439007E05C3 /* Resources */,
			);
			buildRules = (
			);
			dependencies = (
				FA8502E21FC56439007E05C3 /* PBXTargetDependency */,
			);
			name = ConcentrationTests;
			productName = ConcentrationTests;
			productReference = FA8502E01FC56439007E05C3 /* ConcentrationTests.xctest */;
			productType = "com.apple.product-type.bundle.unit-test";
		};
		FA8502EA1FC5643A007E05C3 /* ConcentrationUITests */ = {
			isa = PBXNativeTarget;
			buildConfigurationList = FA8502FA1FC5643A007E05C3 /* Build configuration list for PBXNativeTarget "ConcentrationUITests" */;
			buildPhases = (
				FA8502E71FC5643A007E05C3 /* Sources */,
				FA8502E81FC5643A007E05C3 /* Frameworks */,
				FA8502E91FC5643A007E05C3 /* Resources */,
			);
			buildRules = (
			);
			dependencies = (
				FA8502ED1FC5643A007E05C3 /* PBXTargetDependency */,
			);
			name = ConcentrationUITests;
			productName = ConcentrationUITests;
			productReference = FA8502EB1FC5643A007E05C3 /* ConcentrationUITests.xctest */;
			productType = "com.apple.product-type.bundle.ui-testing";
		};
/* End PBXNativeTarget section */

/* Begin PBXProject section */
		FA8502C41FC56439007E05C3 /* Project object */ = {
			isa = PBXProject;
			attributes = {
				LastSwiftUpdateCheck = 0910;
				LastUpgradeCheck = 0910;
				ORGANIZATIONNAME = "Christopher Mayfield";
				TargetAttributes = {
					FA8502CB1FC56439007E05C3 = {
						CreatedOnToolsVersion = 9.1;
						ProvisioningStyle = Automatic;
					};
					FA8502DF1FC56439007E05C3 = {
						CreatedOnToolsVersion = 9.1;
						ProvisioningStyle = Automatic;
						TestTargetID = FA8502CB1FC56439007E05C3;
					};
					FA8502EA1FC5643A007E05C3 = {
						CreatedOnToolsVersion = 9.1;
						ProvisioningStyle = Automatic;
						TestTargetID = FA8502CB1FC56439007E05C3;
					};
				};
			};
			buildConfigurationList = FA8502C71FC56439007E05C3 /* Build configuration list for PBXProject "Concentration" */;
			compatibilityVersion = "Xcode 8.0";
			developmentRegion = en;
			hasScannedForEncodings = 0;
			knownRegions = (
				en,
				Base,
			);
			mainGroup = FA8502C31FC56439007E05C3;
			productRefGroup = FA8502CD1FC56439007E05C3 /* Products */;
			projectDirPath = "";
			projectRoot = "";
			targets = (
				FA8502CB1FC56439007E05C3 /* Concentration */,
				FA8502DF1FC56439007E05C3 /* ConcentrationTests */,
				FA8502EA1FC5643A007E05C3 /* ConcentrationUITests */,
			);
		};
/* End PBXProject section */

/* Begin PBXResourcesBuildPhase section */
		FA8502CA1FC56439007E05C3 /* Resources */ = {
			isa = PBXResourcesBuildPhase;
			buildActionMask = 2147483647;
			files = (
				FA8502DA1FC56439007E05C3 /* LaunchScreen.storyboard in Resources */,
				FA8502D71FC56439007E05C3 /* Assets.xcassets in Resources */,
				FA8502D51FC56439007E05C3 /* Main.storyboard in Resources */,
			);
			runOnlyForDeploymentPostprocessing = 0;
		};
		FA8502DE1FC56439007E05C3 /* Resources */ = {
			isa = PBXResourcesBuildPhase;
			buildActionMask = 2147483647;
			files = (
			);
			runOnlyForDeploymentPostprocessing = 0;
		};
		FA8502E91FC5643A007E05C3 /* Resources */ = {
			isa = PBXResourcesBuildPhase;
			buildActionMask = 2147483647;
			files = (
			);
			runOnlyForDeploymentPostprocessing = 0;
		};
/* End PBXResourcesBuildPhase section */

/* Begin PBXSourcesBuildPhase section */
		FA8502C81FC56439007E05C3 /* Sources */ = {
			isa = PBXSourcesBuildPhase;
			buildActionMask = 2147483647;
			files = (
				FA8502D21FC56439007E05C3 /* ViewController.swift in Sources */,
				FA8502D01FC56439007E05C3 /* AppDelegate.swift in Sources */,
				FAB5877A1FC69F3A00EFDCCF /* Concentration.swift in Sources */,
				FAB5877C1FC6A02200EFDCCF /* Card.swift in Sources */,
			);
			runOnlyForDeploymentPostprocessing = 0;
		};
		FA8502DC1FC56439007E05C3 /* Sources */ = {
			isa = PBXSourcesBuildPhase;
			buildActionMask = 2147483647;
			files = (
				FA8502E51FC56439007E05C3 /* ConcentrationTests.swift in Sources */,
			);
			runOnlyForDeploymentPostprocessing = 0;
		};
		FA8502E71FC5643A007E05C3 /* Sources */ = {
			isa = PBXSourcesBuildPhase;
			buildActionMask = 2147483647;
			files = (
				FA8502F01FC5643A007E05C3 /* ConcentrationUITests.swift in Sources */,
			);
			runOnlyForDeploymentPostprocessing = 0;
		};
/* End PBXSourcesBuildPhase section */

/* Begin PBXTargetDependency section */
		FA8502E21FC56439007E05C3 /* PBXTargetDependency */ = {
			isa = PBXTargetDependency;
			target = FA8502CB1FC56439007E05C3 /* Concentration */;
			targetProxy = FA8502E11FC56439007E05C3 /* PBXContainerItemProxy */;
		};
		FA8502ED1FC5643A007E05C3 /* PBXTargetDependency */ = {
			isa = PBXTargetDependency;
			target = FA8502CB1FC56439007E05C3 /* Concentration */;
			targetProxy = FA8502EC1FC5643A007E05C3 /* PBXContainerItemProxy */;
		};
/* End PBXTargetDependency section */

/* Begin PBXVariantGroup section */
		FA8502D31FC56439007E05C3 /* Main.storyboard */ = {
			isa = PBXVariantGroup;
			children = (
				FA8502D41FC56439007E05C3 /* Base */,
			);
			name = Main.storyboard;
			sourceTree = "<group>";
		};
		FA8502D81FC56439007E05C3 /* LaunchScreen.storyboard */ = {
			isa = PBXVariantGroup;
			children = (
				FA8502D91FC56439007E05C3 /* Base */,
			);
			name = LaunchScreen.storyboard;
			sourceTree = "<group>";
		};
/* End PBXVariantGroup section */

/* Begin XCBuildConfiguration section */
		FA8502F21FC5643A007E05C3 /* Debug */ = {
			isa = XCBuildConfiguration;
			buildSettings = {
				ALWAYS_SEARCH_USER_PATHS = NO;
				CLANG_ANALYZER_NONNULL = YES;
				CLANG_ANALYZER_NUMBER_OBJECT_CONVERSION = YES_AGGRESSIVE;
				CLANG_CXX_LANGUAGE_STANDARD = "gnu++14";
				CLANG_CXX_LIBRARY = "libc++";
				CLANG_ENABLE_MODULES = YES;
				CLANG_ENABLE_OBJC_ARC = YES;
				CLANG_WARN_BLOCK_CAPTURE_AUTORELEASING = YES;
				CLANG_WARN_BOOL_CONVERSION = YES;
				CLANG_WARN_COMMA = YES;
				CLANG_WARN_CONSTANT_CONVERSION = YES;
				CLANG_WARN_DIRECT_OBJC_ISA_USAGE = YES_ERROR;
				CLANG_WARN_DOCUMENTATION_COMMENTS = YES;
				CLANG_WARN_EMPTY_BODY = YES;
				CLANG_WARN_ENUM_CONVERSION = YES;
				CLANG_WARN_INFINITE_RECURSION = YES;
				CLANG_WARN_INT_CONVERSION = YES;
				CLANG_WARN_NON_LITERAL_NULL_CONVERSION = YES;
				CLANG_WARN_OBJC_LITERAL_CONVERSION = YES;
				CLANG_WARN_OBJC_ROOT_CLASS = YES_ERROR;
				CLANG_WARN_RANGE_LOOP_ANALYSIS = YES;
				CLANG_WARN_STRICT_PROTOTYPES = YES;
				CLANG_WARN_SUSPICIOUS_MOVE = YES;
				CLANG_WARN_UNGUARDED_AVAILABILITY = YES_AGGRESSIVE;
				CLANG_WARN_UNREACHABLE_CODE = YES;
				CLANG_WARN__DUPLICATE_METHOD_MATCH = YES;
				CODE_SIGN_IDENTITY = "iPhone Developer";
				COPY_PHASE_STRIP = NO;
				DEBUG_INFORMATION_FORMAT = dwarf;
				ENABLE_STRICT_OBJC_MSGSEND = YES;
				ENABLE_TESTABILITY = YES;
				GCC_C_LANGUAGE_STANDARD = gnu11;
				GCC_DYNAMIC_NO_PIC = NO;
				GCC_NO_COMMON_BLOCKS = YES;
				GCC_OPTIMIZATION_LEVEL = 0;
				GCC_PREPROCESSOR_DEFINITIONS = (
					"DEBUG=1",
					"$(inherited)",
				);
				GCC_WARN_64_TO_32_BIT_CONVERSION = YES;
				GCC_WARN_ABOUT_RETURN_TYPE = YES_ERROR;
				GCC_WARN_UNDECLARED_SELECTOR = YES;
				GCC_WARN_UNINITIALIZED_AUTOS = YES_AGGRESSIVE;
				GCC_WARN_UNUSED_FUNCTION = YES;
				GCC_WARN_UNUSED_VARIABLE = YES;
				IPHONEOS_DEPLOYMENT_TARGET = 11.1;
				MTL_ENABLE_DEBUG_INFO = YES;
				ONLY_ACTIVE_ARCH = YES;
				SDKROOT = iphoneos;
				SWIFT_ACTIVE_COMPILATION_CONDITIONS = DEBUG;
				SWIFT_OPTIMIZATION_LEVEL = "-Onone";
			};
			name = Debug;
		};
		FA8502F31FC5643A007E05C3 /* Release */ = {
			isa = XCBuildConfiguration;
			buildSettings = {
				ALWAYS_SEARCH_USER_PATHS = NO;
				CLANG_ANALYZER_NONNULL = YES;
				CLANG_ANALYZER_NUMBER_OBJECT_CONVERSION = YES_AGGRESSIVE;
				CLANG_CXX_LANGUAGE_STANDARD = "gnu++14";
				CLANG_CXX_LIBRARY = "libc++";
				CLANG_ENABLE_MODULES = YES;
				CLANG_ENABLE_OBJC_ARC = YES;
				CLANG_WARN_BLOCK_CAPTURE_AUTORELEASING = YES;
				CLANG_WARN_BOOL_CONVERSION = YES;
				CLANG_WARN_COMMA = YES;
				CLANG_WARN_CONSTANT_CONVERSION = YES;
				CLANG_WARN_DIRECT_OBJC_ISA_USAGE = YES_ERROR;
				CLANG_WARN_DOCUMENTATION_COMMENTS = YES;
				CLANG_WARN_EMPTY_BODY = YES;
				CLANG_WARN_ENUM_CONVERSION = YES;
				CLANG_WARN_INFINITE_RECURSION = YES;
				CLANG_WARN_INT_CONVERSION = YES;
				CLANG_WARN_NON_LITERAL_NULL_CONVERSION = YES;
				CLANG_WARN_OBJC_LITERAL_CONVERSION = YES;
				CLANG_WARN_OBJC_ROOT_CLASS = YES_ERROR;
				CLANG_WARN_RANGE_LOOP_ANALYSIS = YES;
				CLANG_WARN_STRICT_PROTOTYPES = YES;
				CLANG_WARN_SUSPICIOUS_MOVE = YES;
				CLANG_WARN_UNGUARDED_AVAILABILITY = YES_AGGRESSIVE;
				CLANG_WARN_UNREACHABLE_CODE = YES;
				CLANG_WARN__DUPLICATE_METHOD_MATCH = YES;
				CODE_SIGN_IDENTITY = "iPhone Developer";
				COPY_PHASE_STRIP = NO;
				DEBUG_INFORMATION_FORMAT = "dwarf-with-dsym";
				ENABLE_NS_ASSERTIONS = NO;
				ENABLE_STRICT_OBJC_MSGSEND = YES;
				GCC_C_LANGUAGE_STANDARD = gnu11;
				GCC_NO_COMMON_BLOCKS = YES;
				GCC_WARN_64_TO_32_BIT_CONVERSION = YES;
				GCC_WARN_ABOUT_RETURN_TYPE = YES_ERROR;
				GCC_WARN_UNDECLARED_SELECTOR = YES;
				GCC_WARN_UNINITIALIZED_AUTOS = YES_AGGRESSIVE;
				GCC_WARN_UNUSED_FUNCTION = YES;
				GCC_WARN_UNUSED_VARIABLE = YES;
				IPHONEOS_DEPLOYMENT_TARGET = 11.1;
				MTL_ENABLE_DEBUG_INFO = NO;
				SDKROOT = iphoneos;
				SWIFT_OPTIMIZATION_LEVEL = "-Owholemodule";
				VALIDATE_PRODUCT = YES;
			};
			name = Release;
		};
		FA8502F51FC5643A007E05C3 /* Debug */ = {
			isa = XCBuildConfiguration;
			buildSettings = {
				ASSETCATALOG_COMPILER_APPICON_NAME = AppIcon;
				CODE_SIGN_STYLE = Automatic;
				DEVELOPMENT_TEAM = R57A9X86KN;
				INFOPLIST_FILE = Concentration/Info.plist;
				LD_RUNPATH_SEARCH_PATHS = "$(inherited) @executable_path/Frameworks";
				PRODUCT_BUNDLE_IDENTIFIER = mayfield.Concentration;
				PRODUCT_NAME = "$(TARGET_NAME)";
				SWIFT_VERSION = 4.0;
				TARGETED_DEVICE_FAMILY = "1,2";
			};
			name = Debug;
		};
		FA8502F61FC5643A007E05C3 /* Release */ = {
			isa = XCBuildConfiguration;
			buildSettings = {
				ASSETCATALOG_COMPILER_APPICON_NAME = AppIcon;
				CODE_SIGN_STYLE = Automatic;
				DEVELOPMENT_TEAM = R57A9X86KN;
				INFOPLIST_FILE = Concentration/Info.plist;
				LD_RUNPATH_SEARCH_PATHS = "$(inherited) @executable_path/Frameworks";
				PRODUCT_BUNDLE_IDENTIFIER = mayfield.Concentration;
				PRODUCT_NAME = "$(TARGET_NAME)";
				SWIFT_VERSION = 4.0;
				TARGETED_DEVICE_FAMILY = "1,2";
			};
			name = Release;
		};
		FA8502F81FC5643A007E05C3 /* Debug */ = {
			isa = XCBuildConfiguration;
			buildSettings = {
				ALWAYS_EMBED_SWIFT_STANDARD_LIBRARIES = YES;
				BUNDLE_LOADER = "$(TEST_HOST)";
				CODE_SIGN_STYLE = Automatic;
				DEVELOPMENT_TEAM = R57A9X86KN;
				INFOPLIST_FILE = ConcentrationTests/Info.plist;
				LD_RUNPATH_SEARCH_PATHS = "$(inherited) @executable_path/Frameworks @loader_path/Frameworks";
				PRODUCT_BUNDLE_IDENTIFIER = mayfield.ConcentrationTests;
				PRODUCT_NAME = "$(TARGET_NAME)";
				SWIFT_VERSION = 4.0;
				TARGETED_DEVICE_FAMILY = "1,2";
				TEST_HOST = "$(BUILT_PRODUCTS_DIR)/Concentration.app/Concentration";
			};
			name = Debug;
		};
		FA8502F91FC5643A007E05C3 /* Release */ = {
			isa = XCBuildConfiguration;
			buildSettings = {
				ALWAYS_EMBED_SWIFT_STANDARD_LIBRARIES = YES;
				BUNDLE_LOADER = "$(TEST_HOST)";
				CODE_SIGN_STYLE = Automatic;
				DEVELOPMENT_TEAM = R57A9X86KN;
				INFOPLIST_FILE = ConcentrationTests/Info.plist;
				LD_RUNPATH_SEARCH_PATHS = "$(inherited) @executable_path/Frameworks @loader_path/Frameworks";
				PRODUCT_BUNDLE_IDENTIFIER = mayfield.ConcentrationTests;
				PRODUCT_NAME = "$(TARGET_NAME)";
				SWIFT_VERSION = 4.0;
				TARGETED_DEVICE_FAMILY = "1,2";
				TEST_HOST = "$(BUILT_PRODUCTS_DIR)/Concentration.app/Concentration";
			};
			name = Release;
		};
		FA8502FB1FC5643A007E05C3 /* Debug */ = {
			isa = XCBuildConfiguration;
			buildSettings = {
				ALWAYS_EMBED_SWIFT_STANDARD_LIBRARIES = YES;
				CODE_SIGN_STYLE = Automatic;
				DEVELOPMENT_TEAM = R57A9X86KN;
				INFOPLIST_FILE = ConcentrationUITests/Info.plist;
				LD_RUNPATH_SEARCH_PATHS = "$(inherited) @executable_path/Frameworks @loader_path/Frameworks";
				PRODUCT_BUNDLE_IDENTIFIER = mayfield.ConcentrationUITests;
				PRODUCT_NAME = "$(TARGET_NAME)";
				SWIFT_VERSION = 4.0;
				TARGETED_DEVICE_FAMILY = "1,2";
				TEST_TARGET_NAME = Concentration;
			};
			name = Debug;
		};
		FA8502FC1FC5643A007E05C3 /* Release */ = {
			isa = XCBuildConfiguration;
			buildSettings = {
				ALWAYS_EMBED_SWIFT_STANDARD_LIBRARIES = YES;
				CODE_SIGN_STYLE = Automatic;
				DEVELOPMENT_TEAM = R57A9X86KN;
				INFOPLIST_FILE = ConcentrationUITests/Info.plist;
				LD_RUNPATH_SEARCH_PATHS = "$(inherited) @executable_path/Frameworks @loader_path/Frameworks";
				PRODUCT_BUNDLE_IDENTIFIER = mayfield.ConcentrationUITests;
				PRODUCT_NAME = "$(TARGET_NAME)";
				SWIFT_VERSION = 4.0;
				TARGETED_DEVICE_FAMILY = "1,2";
				TEST_TARGET_NAME = Concentration;
			};
			name = Release;
		};
/* End XCBuildConfiguration section */

/* Begin XCConfigurationList section */
		FA8502C71FC56439007E05C3 /* Build configuration list for PBXProject "Concentration" */ = {
			isa = XCConfigurationList;
			buildConfigurations = (
				FA8502F21FC5643A007E05C3 /* Debug */,
				FA8502F31FC5643A007E05C3 /* Release */,
			);
			defaultConfigurationIsVisible = 0;
			defaultConfigurationName = Release;
		};
		FA8502F41FC5643A007E05C3 /* Build configuration list for PBXNativeTarget "Concentration" */ = {
			isa = XCConfigurationList;
			buildConfigurations = (
				FA8502F51FC5643A007E05C3 /* Debug */,
				FA8502F61FC5643A007E05C3 /* Release */,
			);
			defaultConfigurationIsVisible = 0;
			defaultConfigurationName = Release;
		};
		FA8502F71FC5643A007E05C3 /* Build configuration list for PBXNativeTarget "ConcentrationTests" */ = {
			isa = XCConfigurationList;
			buildConfigurations = (
				FA8502F81FC5643A007E05C3 /* Debug */,
				FA8502F91FC5643A007E05C3 /* Release */,
			);
			defaultConfigurationIsVisible = 0;
			defaultConfigurationName = Release;
		};
		FA8502FA1FC5643A007E05C3 /* Build configuration list for PBXNativeTarget "ConcentrationUITests" */ = {
			isa = XCConfigurationList;
			buildConfigurations = (
				FA8502FB1FC5643A007E05C3 /* Debug */,
				FA8502FC1FC5643A007E05C3 /* Release */,
			);
			defaultConfigurationIsVisible = 0;
			defaultConfigurationName = Release;
		};
/* End XCConfigurationList section */
	};
	rootObject = FA8502C41FC56439007E05C3 /* Project object */;
}
